<?xml version="1.0" encoding="UTF-8"?>
<Scheme
   LastUpgradeVersion = "1420"
   version = "1.7">
   <BuildAction
      parallelizeBuildables = "YES"
      buildImplicitDependencies = "YES">
      <BuildActionEntries>
         <BuildActionEntry
            buildForTesting = "YES"
            buildForRunning = "YES"
            buildForProfiling = "YES"
            buildForArchiving = "YES"
            buildForAnalyzing = "YES">
            <BuildableReference
               BuildableIdentifier = "primary"
               BlueprintIdentifier = "84BADE26296ABA0B000EECF8"
               BuildableName = "ZonkaFeedback.framework"
               BlueprintName = "ZonkaFeedback"
               ReferencedContainer = "container:ZonkaFeedback.xcodeproj">
            </BuildableReference>
         </BuildActionEntry>
      </BuildActionEntries>
   </BuildAction>
   <TestAction
      buildConfiguration = "Debug"
      selectedDebuggerIdentifier = "Xcode.DebuggerFoundation.Debugger.LLDB"
      selectedLauncherIdentifier = "Xcode.DebuggerFoundation.Launcher.LLDB"
      shouldUseLaunchSchemeArgsEnv = "YES">
      <Testables>
      </Testables>
   </TestAction>
   <LaunchAction
      buildConfiguration = "Release"
      selectedDebuggerIdentifier = "Xcode.DebuggerFoundation.Debugger.LLDB"
      selectedLauncherIdentifier = "Xcode.DebuggerFoundation.Launcher.LLDB"
      launchStyle = "0"
      useCustomWorkingDirectory = "NO"
      ignoresPersistentStateOnLaunch = "NO"
      debugDocumentVersioning = "YES"
      debugServiceExtension = "internal"
      allowLocationSimulation = "YES">
   </LaunchAction>
   <ProfileAction
      buildConfiguration = "Release"
      shouldUseLaunchSchemeArgsEnv = "YES"
      savedToolIdentifier = ""
      useCustomWorkingDirectory = "NO"
      debugDocumentVersioning = "YES">
      <MacroExpansion>
         <BuildableReference
            BuildableIdentifier = "primary"
            BlueprintIdentifier = "84BADE26296ABA0B000EECF8"
            BuildableName = "ZonkaFeedback.framework"
            BlueprintName = "ZonkaFeedback"
            ReferencedContainer = "container:ZonkaFeedback.xcodeproj">
         </BuildableReference>
      </MacroExpansion>
   </ProfileAction>
   <AnalyzeAction
      buildConfiguration = "Debug">
   </AnalyzeAction>
   <ArchiveAction
      buildConfiguration = "Release"
      revealArchiveInOrganizer = "YES">
      <PostActions>
         <ExecutionAction
            ActionType = "Xcode.IDEStandardExecutionActionsCore.ExecutionActionType.ShellScriptAction">
            <ActionContent
               title = "Run Script"
               scriptText = "UNIVERSAL_OUTPUTFOLDER=${BUILD_DIR}/${CONFIGURATION}-Universal&#10;# Make sure the output directory exists&#10;mkdir -p &#x201c;${UNIVERSAL_OUTPUTFOLDER}&#x201d;&#10;# Next, work out if we&#x2019;re in SIMULATOR or REAL DEVICE&#10;xcodebuild -target &#x201c;${PROJECT_NAME}&#x201d; -configuration ${CONFIGURATION} -sdk iphonesimulator ONLY_ACTIVE_ARCH=NO BUILD_DIR=&#x201d;${BUILD_DIR}&#x201d; BUILD_ROOT=&#x201d;${BUILD_ROOT}&#x201d; clean build&#10;xcodebuild -target &#x201c;${PROJECT_NAME}&#x201d; ONLY_ACTIVE_ARCH=NO -configuration ${CONFIGURATION} -sdk iphoneos BUILD_DIR=&#x201d;${BUILD_DIR}&#x201d; BUILD_ROOT=&#x201d;${BUILD_ROOT}&#x201d; clean build&#10;# Step 2. Copy the framework structure (from iphoneos build) to the universal folder&#10;cp -R &#x201c;${BUILD_DIR}/${CONFIGURATION}-iphoneos/${PROJECT_NAME}.framework&#x201d; &#x201c;${UNIVERSAL_OUTPUTFOLDER}/&#x201d;&#10;# Step 3. Copy Swift modules from iphonesimulator build (if it exists) to the copied framework directory&#10;BUILD_PRODUCTS=&#x201d;${SYMROOT}/../../../../Products&#x201d;&#10;cp -R &#x201c;${BUILD_PRODUCTS}/Debug-iphonesimulator/${PROJECT_NAME}.framework/Modules/${PROJECT_NAME}.swiftmodule/.&#x201d; &#x201c;${UNIVERSAL_OUTPUTFOLDER}/${PROJECT_NAME}.framework/Modules/${PROJECT_NAME}.swiftmodule&#x201d;&#10;# Step 4. Create universal binary file using lipo and place the combined executable in the copied framework directory&#10;lipo -create -output &#x201c;${UNIVERSAL_OUTPUTFOLDER}/${PROJECT_NAME}.framework/${PROJECT_NAME}&#x201d; &#x201c;${BUILD_PRODUCTS}/Debug-iphonesimulator/${PROJECT_NAME}.framework/${PROJECT_NAME}&#x201d; &#x201c;${BUILD_DIR}/${CONFIGURATION}-iphoneos/${PROJECT_NAME}.framework/${PROJECT_NAME}&#x201d;&#10;# Step 5. Convenience step to copy the framework to the project&#x2019;s directory&#10;cp -R &#x201c;${UNIVERSAL_OUTPUTFOLDER}/${PROJECT_NAME}.framework&#x201d; &#x201c;${PROJECT_DIR}&#x201d;&#10;# Step 6. Convenience step to open the project&#x2019;s directory in Finder&#10;open &#x201c;${PROJECT_DIR}&#x201d;&#10;fi&#10;">
               <EnvironmentBuildable>
                  <BuildableReference
                     BuildableIdentifier = "primary"
                     BlueprintIdentifier = "84BADE26296ABA0B000EECF8"
                     BuildableName = "ZonkaFeedback.framework"
                     BlueprintName = "ZonkaFeedback"
                     ReferencedContainer = "container:ZonkaFeedback.xcodeproj">
                  </BuildableReference>
               </EnvironmentBuildable>
            </ActionContent>
         </ExecutionAction>
      </PostActions>
   </ArchiveAction>
</Scheme>
